
Microsoft Visual Studio Solution File, Format Version 12.00
# Visual Studio Version 17
VisualStudioVersion = 17.8.34316.72
MinimumVisualStudioVersion = 10.0.40219.1
Project("{FAE04EC0-301F-11D3-BF4B-00C04F79EFBC}") = "CFG.WebApi", "CFG.WebApi\CFG.WebApi.csproj", "{A717B05D-2517-4BC4-BE80-9A783A081CDD}"
EndProject
Global
	GlobalSection(SolutionConfigurationPlatforms) = preSolution
		Debug|Any CPU = Debug|Any CPU
		Release|Any CPU = Release|Any CPU
	EndGlobalSection
	GlobalSection(ProjectConfigurationPlatforms) = postSolution
		{A717B05D-2517-4BC4-BE80-9A783A081CDD}.Debug|Any CPU.ActiveCfg = Debug|Any CPU
		{A717B05D-2517-4BC4-BE80-9A783A081CDD}.Debug|Any CPU.Build.0 = Debug|Any CPU
		{A717B05D-2517-4BC4-BE80-9A783A081CDD}.Release|Any CPU.ActiveCfg = Release|Any CPU
		{A717B05D-2517-4BC4-BE80-9A783A081CDD}.Release|Any CPU.Build.0 = Release|Any CPU
	EndGlobalSection
	GlobalSection(SolutionProperties) = preSolution
		HideSolutionNode = FALSE
	EndGlobalSection
	GlobalSection(ExtensibilityGlobals) = postSolution
		SolutionGuid = {CB2AB068-1836-4D01-BB2C-161729EF1C72}
	EndGlobalSection
EndGlobal
